PODS:
  - Alamofire (5.0.0-rc.3)
  - PromisesObjC (1.2.8)
  - PromisesSwift (1.2.8):
    - PromisesObjC (= 1.2.8)

DEPENDENCIES:
  - Alamofire (~> 5.0.0-rc.3)
  - PromisesSwift (~> 1.2)

SPEC REPOS:
  trunk:
    - Alamofire
    - PromisesObjC
    - PromisesSwift

SPEC CHECKSUMS:
  Alamofire: ca8c0de6906873be89d6deec5c8de279e00bf872
  PromisesObjC: c119f3cd559f50b7ae681fa59dc1acd19173b7e6
  PromisesSwift: 37bad6f4daddb02f7c9c531efe91e8b21c13ee2f

PODFILE CHECKSUM: 58f08069e0c4b1f7a37d1e91f2d112b25c1d3cb8

COCOAPODS: 1.8.4
