// !$*UTF8*$!
{
	archiveVersion = 1;
	classes = {
	};
	objectVersion = 50;
	objects = {

/* Begin PBXBuildFile section */
		9C71ABD023A3DEA300A6301D /* AppDelegate.swift in Sources */ = {isa = PBXBuildFile; fileRef = 9C71ABCF23A3DEA300A6301D /* AppDelegate.swift */; };
		9C71ABD223A3DEA300A6301D /* SceneDelegate.swift in Sources */ = {isa = PBXBuildFile; fileRef = 9C71ABD123A3DEA300A6301D /* SceneDelegate.swift */; };
		9C71ABD423A3DEA300A6301D /* ViewController.swift in Sources */ = {isa = PBXBuildFile; fileRef = 9C71ABD323A3DEA300A6301D /* ViewController.swift */; };
		9C71ABD723A3DEA300A6301D /* Main.storyboard in Resources */ = {isa = PBXBuildFile; fileRef = 9C71ABD523A3DEA300A6301D /* Main.storyboard */; };
		9C71ABD923A3DEAC00A6301D /* Assets.xcassets in Resources */ = {isa = PBXBuildFile; fileRef = 9C71ABD823A3DEAC00A6301D /* Assets.xcassets */; };
		9C71ABDC23A3DEAC00A6301D /* LaunchScreen.storyboard in Resources */ = {isa = PBXBuildFile; fileRef = 9C71ABDA23A3DEAC00A6301D /* LaunchScreen.storyboard */; };
		9C71ABE723A3DEAD00A6301D /* ClearSaleTests.swift in Sources */ = {isa = PBXBuildFile; fileRef = 9C71ABE623A3DEAD00A6301D /* ClearSaleTests.swift */; };
		9C71ABF223A3DEAD00A6301D /* ClearSaleUITests.swift in Sources */ = {isa = PBXBuildFile; fileRef = 9C71ABF123A3DEAD00A6301D /* ClearSaleUITests.swift */; };
/* End PBXBuildFile section */

/* Begin PBXContainerItemProxy section */
		9C71ABE323A3DEAD00A6301D /* PBXContainerItemProxy */ = {
			isa = PBXContainerItemProxy;
			containerPortal = 9C71ABC423A3DEA300A6301D /* Project object */;
			proxyType = 1;
			remoteGlobalIDString = 9C71ABCB23A3DEA300A6301D;
			remoteInfo = ClearSale;
		};
		9C71ABEE23A3DEAD00A6301D /* PBXContainerItemProxy */ = {
			isa = PBXContainerItemProxy;
			containerPortal = 9C71ABC423A3DEA300A6301D /* Project object */;
			proxyType = 1;
			remoteGlobalIDString = 9C71ABCB23A3DEA300A6301D;
			remoteInfo = ClearSale;
		};
/* End PBXContainerItemProxy section */

/* Begin PBXFileReference section */
		9C71ABCC23A3DEA300A6301D /* ClearSale.app */ = {isa = PBXFileReference; explicitFileType = wrapper.application; includeInIndex = 0; path = ClearSale.app; sourceTree = BUILT_PRODUCTS_DIR; };
		9C71ABCF23A3DEA300A6301D /* AppDelegate.swift */ = {isa = PBXFileReference; lastKnownFileType = sourcecode.swift; path = AppDelegate.swift; sourceTree = "<group>"; };
		9C71ABD123A3DEA300A6301D /* SceneDelegate.swift */ = {isa = PBXFileReference; lastKnownFileType = sourcecode.swift; path = SceneDelegate.swift; sourceTree = "<group>"; };
		9C71ABD323A3DEA300A6301D /* ViewController.swift */ = {isa = PBXFileReference; lastKnownFileType = sourcecode.swift; path = ViewController.swift; sourceTree = "<group>"; };
		9C71ABD623A3DEA300A6301D /* Base */ = {isa = PBXFileReference; lastKnownFileType = file.storyboard; name = Base; path = Base.lproj/Main.storyboard; sourceTree = "<group>"; };
		9C71ABD823A3DEAC00A6301D /* Assets.xcassets */ = {isa = PBXFileReference; lastKnownFileType = folder.assetcatalog; path = Assets.xcassets; sourceTree = "<group>"; };
		9C71ABDB23A3DEAC00A6301D /* Base */ = {isa = PBXFileReference; lastKnownFileType = file.storyboard; name = Base; path = Base.lproj/LaunchScreen.storyboard; sourceTree = "<group>"; };
		9C71ABDD23A3DEAC00A6301D /* Info.plist */ = {isa = PBXFileReference; lastKnownFileType = text.plist.xml; path = Info.plist; sourceTree = "<group>"; };
		9C71ABE223A3DEAD00A6301D /* ClearSaleTests.xctest */ = {isa = PBXFileReference; explicitFileType = wrapper.cfbundle; includeInIndex = 0; path = ClearSaleTests.xctest; sourceTree = BUILT_PRODUCTS_DIR; };
		9C71ABE623A3DEAD00A6301D /* ClearSaleTests.swift */ = {isa = PBXFileReference; lastKnownFileType = sourcecode.swift; path = ClearSaleTests.swift; sourceTree = "<group>"; };
		9C71ABE823A3DEAD00A6301D /* Info.plist */ = {isa = PBXFileReference; lastKnownFileType = text.plist.xml; path = Info.plist; sourceTree = "<group>"; };
		9C71ABED23A3DEAD00A6301D /* ClearSaleUITests.xctest */ = {isa = PBXFileReference; explicitFileType = wrapper.cfbundle; includeInIndex = 0; path = ClearSaleUITests.xctest; sourceTree = BUILT_PRODUCTS_DIR; };
		9C71ABF123A3DEAD00A6301D /* ClearSaleUITests.swift */ = {isa = PBXFileReference; lastKnownFileType = sourcecode.swift; path = ClearSaleUITests.swift; sourceTree = "<group>"; };
		9C71ABF323A3DEAD00A6301D /* Info.plist */ = {isa = PBXFileReference; lastKnownFileType = text.plist.xml; path = Info.plist; sourceTree = "<group>"; };
/* End PBXFileReference section */

/* Begin PBXFrameworksBuildPhase section */
		9C71ABC923A3DEA300A6301D /* Frameworks */ = {
			isa = PBXFrameworksBuildPhase;
			buildActionMask = 2147483647;
			files = (
			);
			runOnlyForDeploymentPostprocessing = 0;
		};
		9C71ABDF23A3DEAD00A6301D /* Frameworks */ = {
			isa = PBXFrameworksBuildPhase;
			buildActionMask = 2147483647;
			files = (
			);
			runOnlyForDeploymentPostprocessing = 0;
		};
		9C71ABEA23A3DEAD00A6301D /* Frameworks */ = {
			isa = PBXFrameworksBuildPhase;
			buildActionMask = 2147483647;
			files = (
			);
			runOnlyForDeploymentPostprocessing = 0;
		};
/* End PBXFrameworksBuildPhase section */

/* Begin PBXGroup section */
		9C71ABC323A3DEA300A6301D = {
			isa = PBXGroup;
			children = (
				9C71ABCE23A3DEA300A6301D /* ClearSale */,
				9C71ABE523A3DEAD00A6301D /* ClearSaleTests */,
				9C71ABF023A3DEAD00A6301D /* ClearSaleUITests */,
				9C71ABCD23A3DEA300A6301D /* Products */,
			);
			sourceTree = "<group>";
		};
		9C71ABCD23A3DEA300A6301D /* Products */ = {
			isa = PBXGroup;
			children = (
				9C71ABCC23A3DEA300A6301D /* ClearSale.app */,
				9C71ABE223A3DEAD00A6301D /* ClearSaleTests.xctest */,
				9C71ABED23A3DEAD00A6301D /* ClearSaleUITests.xctest */,
			);
			name = Products;
			sourceTree = "<group>";
		};
		9C71ABCE23A3DEA300A6301D /* ClearSale */ = {
			isa = PBXGroup;
			children = (
				9C71ABCF23A3DEA300A6301D /* AppDelegate.swift */,
				9C71ABD123A3DEA300A6301D /* SceneDelegate.swift */,
				9C71ABD323A3DEA300A6301D /* ViewController.swift */,
				9C71ABD523A3DEA300A6301D /* Main.storyboard */,
				9C71ABD823A3DEAC00A6301D /* Assets.xcassets */,
				9C71ABDA23A3DEAC00A6301D /* LaunchScreen.storyboard */,
				9C71ABDD23A3DEAC00A6301D /* Info.plist */,
			);
			path = ClearSale;
			sourceTree = "<group>";
		};
		9C71ABE523A3DEAD00A6301D /* ClearSaleTests */ = {
			isa = PBXGroup;
			children = (
				9C71ABE623A3DEAD00A6301D /* ClearSaleTests.swift */,
				9C71ABE823A3DEAD00A6301D /* Info.plist */,
			);
			path = ClearSaleTests;
			sourceTree = "<group>";
		};
		9C71ABF023A3DEAD00A6301D /* ClearSaleUITests */ = {
			isa = PBXGroup;
			children = (
				9C71ABF123A3DEAD00A6301D /* ClearSaleUITests.swift */,
				9C71ABF323A3DEAD00A6301D /* Info.plist */,
			);
			path = ClearSaleUITests;
			sourceTree = "<group>";
		};
/* End PBXGroup section */

/* Begin PBXNativeTarget section */
		9C71ABCB23A3DEA300A6301D /* ClearSale */ = {
			isa = PBXNativeTarget;
			buildConfigurationList = 9C71ABF623A3DEAD00A6301D /* Build configuration list for PBXNativeTarget "ClearSale" */;
			buildPhases = (
				9C71ABC823A3DEA300A6301D /* Sources */,
				9C71ABC923A3DEA300A6301D /* Frameworks */,
				9C71ABCA23A3DEA300A6301D /* Resources */,
			);
			buildRules = (
			);
			dependencies = (
			);
			name = ClearSale;
			productName = ClearSale;
			productReference = 9C71ABCC23A3DEA300A6301D /* ClearSale.app */;
			productType = "com.apple.product-type.application";
		};
		9C71ABE123A3DEAD00A6301D /* ClearSaleTests */ = {
			isa = PBXNativeTarget;
			buildConfigurationList = 9C71ABF923A3DEAD00A6301D /* Build configuration list for PBXNativeTarget "ClearSaleTests" */;
			buildPhases = (
				9C71ABDE23A3DEAD00A6301D /* Sources */,
				9C71ABDF23A3DEAD00A6301D /* Frameworks */,
				9C71ABE023A3DEAD00A6301D /* Resources */,
			);
			buildRules = (
			);
			dependencies = (
				9C71ABE423A3DEAD00A6301D /* PBXTargetDependency */,
			);
			name = ClearSaleTests;
			productName = ClearSaleTests;
			productReference = 9C71ABE223A3DEAD00A6301D /* ClearSaleTests.xctest */;
			productType = "com.apple.product-type.bundle.unit-test";
		};
		9C71ABEC23A3DEAD00A6301D /* ClearSaleUITests */ = {
			isa = PBXNativeTarget;
			buildConfigurationList = 9C71ABFC23A3DEAD00A6301D /* Build configuration list for PBXNativeTarget "ClearSaleUITests" */;
			buildPhases = (
				9C71ABE923A3DEAD00A6301D /* Sources */,
				9C71ABEA23A3DEAD00A6301D /* Frameworks */,
				9C71ABEB23A3DEAD00A6301D /* Resources */,
			);
			buildRules = (
			);
			dependencies = (
				9C71ABEF23A3DEAD00A6301D /* PBXTargetDependency */,
			);
			name = ClearSaleUITests;
			productName = ClearSaleUITests;
			productReference = 9C71ABED23A3DEAD00A6301D /* ClearSaleUITests.xctest */;
			productType = "com.apple.product-type.bundle.ui-testing";
		};
/* End PBXNativeTarget section */

/* Begin PBXProject section */
		9C71ABC423A3DEA300A6301D /* Project object */ = {
			isa = PBXProject;
			attributes = {
				LastSwiftUpdateCheck = 1130;
				LastUpgradeCheck = 1130;
				ORGANIZATIONNAME = "Pedro Antunes";
				TargetAttributes = {
					9C71ABCB23A3DEA300A6301D = {
						CreatedOnToolsVersion = 11.3;
					};
					9C71ABE123A3DEAD00A6301D = {
						CreatedOnToolsVersion = 11.3;
						TestTargetID = 9C71ABCB23A3DEA300A6301D;
					};
					9C71ABEC23A3DEAD00A6301D = {
						CreatedOnToolsVersion = 11.3;
						TestTargetID = 9C71ABCB23A3DEA300A6301D;
					};
				};
			};
			buildConfigurationList = 9C71ABC723A3DEA300A6301D /* Build configuration list for PBXProject "ClearSale" */;
			compatibilityVersion = "Xcode 9.3";
			developmentRegion = en;
			hasScannedForEncodings = 0;
			knownRegions = (
				en,
				Base,
			);
			mainGroup = 9C71ABC323A3DEA300A6301D;
			productRefGroup = 9C71ABCD23A3DEA300A6301D /* Products */;
			projectDirPath = "";
			projectRoot = "";
			targets = (
				9C71ABCB23A3DEA300A6301D /* ClearSale */,
				9C71ABE123A3DEAD00A6301D /* ClearSaleTests */,
				9C71ABEC23A3DEAD00A6301D /* ClearSaleUITests */,
			);
		};
/* End PBXProject section */

/* Begin PBXResourcesBuildPhase section */
		9C71ABCA23A3DEA300A6301D /* Resources */ = {
			isa = PBXResourcesBuildPhase;
			buildActionMask = 2147483647;
			files = (
				9C71ABDC23A3DEAC00A6301D /* LaunchScreen.storyboard in Resources */,
				9C71ABD923A3DEAC00A6301D /* Assets.xcassets in Resources */,
				9C71ABD723A3DEA300A6301D /* Main.storyboard in Resources */,
			);
			runOnlyForDeploymentPostprocessing = 0;
		};
		9C71ABE023A3DEAD00A6301D /* Resources */ = {
			isa = PBXResourcesBuildPhase;
			buildActionMask = 2147483647;
			files = (
			);
			runOnlyForDeploymentPostprocessing = 0;
		};
		9C71ABEB23A3DEAD00A6301D /* Resources */ = {
			isa = PBXResourcesBuildPhase;
			buildActionMask = 2147483647;
			files = (
			);
			runOnlyForDeploymentPostprocessing = 0;
		};
/* End PBXResourcesBuildPhase section */

/* Begin PBXSourcesBuildPhase section */
		9C71ABC823A3DEA300A6301D /* Sources */ = {
			isa = PBXSourcesBuildPhase;
			buildActionMask = 2147483647;
			files = (
				9C71ABD423A3DEA300A6301D /* ViewController.swift in Sources */,
				9C71ABD023A3DEA300A6301D /* AppDelegate.swift in Sources */,
				9C71ABD223A3DEA300A6301D /* SceneDelegate.swift in Sources */,
			);
			runOnlyForDeploymentPostprocessing = 0;
		};
		9C71ABDE23A3DEAD00A6301D /* Sources */ = {
			isa = PBXSourcesBuildPhase;
			buildActionMask = 2147483647;
			files = (
				9C71ABE723A3DEAD00A6301D /* ClearSaleTests.swift in Sources */,
			);
			runOnlyForDeploymentPostprocessing = 0;
		};
		9C71ABE923A3DEAD00A6301D /* Sources */ = {
			isa = PBXSourcesBuildPhase;
			buildActionMask = 2147483647;
			files = (
				9C71ABF223A3DEAD00A6301D /* ClearSaleUITests.swift in Sources */,
			);
			runOnlyForDeploymentPostprocessing = 0;
		};
/* End PBXSourcesBuildPhase section */

/* Begin PBXTargetDependency section */
		9C71ABE423A3DEAD00A6301D /* PBXTargetDependency */ = {
			isa = PBXTargetDependency;
			target = 9C71ABCB23A3DEA300A6301D /* ClearSale */;
			targetProxy = 9C71ABE323A3DEAD00A6301D /* PBXContainerItemProxy */;
		};
		9C71ABEF23A3DEAD00A6301D /* PBXTargetDependency */ = {
			isa = PBXTargetDependency;
			target = 9C71ABCB23A3DEA300A6301D /* ClearSale */;
			targetProxy = 9C71ABEE23A3DEAD00A6301D /* PBXContainerItemProxy */;
		};
/* End PBXTargetDependency section */

/* Begin PBXVariantGroup section */
		9C71ABD523A3DEA300A6301D /* Main.storyboard */ = {
			isa = PBXVariantGroup;
			children = (
				9C71ABD623A3DEA300A6301D /* Base */,
			);
			name = Main.storyboard;
			sourceTree = "<group>";
		};
		9C71ABDA23A3DEAC00A6301D /* LaunchScreen.storyboard */ = {
			isa = PBXVariantGroup;
			children = (
				9C71ABDB23A3DEAC00A6301D /* Base */,
			);
			name = LaunchScreen.storyboard;
			sourceTree = "<group>";
		};
/* End PBXVariantGroup section */

/* Begin XCBuildConfiguration section */
		9C71ABF423A3DEAD00A6301D /* Debug */ = {
			isa = XCBuildConfiguration;
			buildSettings = {
				ALWAYS_SEARCH_USER_PATHS = NO;
				CLANG_ANALYZER_NONNULL = YES;
				CLANG_ANALYZER_NUMBER_OBJECT_CONVERSION = YES_AGGRESSIVE;
				CLANG_CXX_LANGUAGE_STANDARD = "gnu++14";
				CLANG_CXX_LIBRARY = "libc++";
				CLANG_ENABLE_MODULES = YES;
				CLANG_ENABLE_OBJC_ARC = YES;
				CLANG_ENABLE_OBJC_WEAK = YES;
				CLANG_WARN_BLOCK_CAPTURE_AUTORELEASING = YES;
				CLANG_WARN_BOOL_CONVERSION = YES;
				CLANG_WARN_COMMA = YES;
				CLANG_WARN_CONSTANT_CONVERSION = YES;
				CLANG_WARN_DEPRECATED_OBJC_IMPLEMENTATIONS = YES;
				CLANG_WARN_DIRECT_OBJC_ISA_USAGE = YES_ERROR;
				CLANG_WARN_DOCUMENTATION_COMMENTS = YES;
				CLANG_WARN_EMPTY_BODY = YES;
				CLANG_WARN_ENUM_CONVERSION = YES;
				CLANG_WARN_INFINITE_RECURSION = YES;
				CLANG_WARN_INT_CONVERSION = YES;
				CLANG_WARN_NON_LITERAL_NULL_CONVERSION = YES;
				CLANG_WARN_OBJC_IMPLICIT_RETAIN_SELF = YES;
				CLANG_WARN_OBJC_LITERAL_CONVERSION = YES;
				CLANG_WARN_OBJC_ROOT_CLASS = YES_ERROR;
				CLANG_WARN_RANGE_LOOP_ANALYSIS = YES;
				CLANG_WARN_STRICT_PROTOTYPES = YES;
				CLANG_WARN_SUSPICIOUS_MOVE = YES;
				CLANG_WARN_UNGUARDED_AVAILABILITY = YES_AGGRESSIVE;
				CLANG_WARN_UNREACHABLE_CODE = YES;
				CLANG_WARN__DUPLICATE_METHOD_MATCH = YES;
				COPY_PHASE_STRIP = NO;
				DEBUG_INFORMATION_FORMAT = dwarf;
				ENABLE_STRICT_OBJC_MSGSEND = YES;
				ENABLE_TESTABILITY = YES;
				GCC_C_LANGUAGE_STANDARD = gnu11;
				GCC_DYNAMIC_NO_PIC = NO;
				GCC_NO_COMMON_BLOCKS = YES;
				GCC_OPTIMIZATION_LEVEL = 0;
				GCC_PREPROCESSOR_DEFINITIONS = (
					"DEBUG=1",
					"$(inherited)",
				);
				GCC_WARN_64_TO_32_BIT_CONVERSION = YES;
				GCC_WARN_ABOUT_RETURN_TYPE = YES_ERROR;
				GCC_WARN_UNDECLARED_SELECTOR = YES;
				GCC_WARN_UNINITIALIZED_AUTOS = YES_AGGRESSIVE;
				GCC_WARN_UNUSED_FUNCTION = YES;
				GCC_WARN_UNUSED_VARIABLE = YES;
				IPHONEOS_DEPLOYMENT_TARGET = 13.2;
				MTL_ENABLE_DEBUG_INFO = INCLUDE_SOURCE;
				MTL_FAST_MATH = YES;
				ONLY_ACTIVE_ARCH = YES;
				SDKROOT = iphoneos;
				SWIFT_ACTIVE_COMPILATION_CONDITIONS = DEBUG;
				SWIFT_OPTIMIZATION_LEVEL = "-Onone";
			};
			name = Debug;
		};
		9C71ABF523A3DEAD00A6301D /* Release */ = {
			isa = XCBuildConfiguration;
			buildSettings = {
				ALWAYS_SEARCH_USER_PATHS = NO;
				CLANG_ANALYZER_NONNULL = YES;
				CLANG_ANALYZER_NUMBER_OBJECT_CONVERSION = YES_AGGRESSIVE;
				CLANG_CXX_LANGUAGE_STANDARD = "gnu++14";
				CLANG_CXX_LIBRARY = "libc++";
				CLANG_ENABLE_MODULES = YES;
				CLANG_ENABLE_OBJC_ARC = YES;
				CLANG_ENABLE_OBJC_WEAK = YES;
				CLANG_WARN_BLOCK_CAPTURE_AUTORELEASING = YES;
				CLANG_WARN_BOOL_CONVERSION = YES;
				CLANG_WARN_COMMA = YES;
				CLANG_WARN_CONSTANT_CONVERSION = YES;
				CLANG_WARN_DEPRECATED_OBJC_IMPLEMENTATIONS = YES;
				CLANG_WARN_DIRECT_OBJC_ISA_USAGE = YES_ERROR;
				CLANG_WARN_DOCUMENTATION_COMMENTS = YES;
				CLANG_WARN_EMPTY_BODY = YES;
				CLANG_WARN_ENUM_CONVERSION = YES;
				CLANG_WARN_INFINITE_RECURSION = YES;
				CLANG_WARN_INT_CONVERSION = YES;
				CLANG_WARN_NON_LITERAL_NULL_CONVERSION = YES;
				CLANG_WARN_OBJC_IMPLICIT_RETAIN_SELF = YES;
				CLANG_WARN_OBJC_LITERAL_CONVERSION = YES;
				CLANG_WARN_OBJC_ROOT_CLASS = YES_ERROR;
				CLANG_WARN_RANGE_LOOP_ANALYSIS = YES;
				CLANG_WARN_STRICT_PROTOTYPES = YES;
				CLANG_WARN_SUSPICIOUS_MOVE = YES;
				CLANG_WARN_UNGUARDED_AVAILABILITY = YES_AGGRESSIVE;
				CLANG_WARN_UNREACHABLE_CODE = YES;
				CLANG_WARN__DUPLICATE_METHOD_MATCH = YES;
				COPY_PHASE_STRIP = NO;
				DEBUG_INFORMATION_FORMAT = "dwarf-with-dsym";
				ENABLE_NS_ASSERTIONS = NO;
				ENABLE_STRICT_OBJC_MSGSEND = YES;
				GCC_C_LANGUAGE_STANDARD = gnu11;
				GCC_NO_COMMON_BLOCKS = YES;
				GCC_WARN_64_TO_32_BIT_CONVERSION = YES;
				GCC_WARN_ABOUT_RETURN_TYPE = YES_ERROR;
				GCC_WARN_UNDECLARED_SELECTOR = YES;
				GCC_WARN_UNINITIALIZED_AUTOS = YES_AGGRESSIVE;
				GCC_WARN_UNUSED_FUNCTION = YES;
				GCC_WARN_UNUSED_VARIABLE = YES;
				IPHONEOS_DEPLOYMENT_TARGET = 13.2;
				MTL_ENABLE_DEBUG_INFO = NO;
				MTL_FAST_MATH = YES;
				SDKROOT = iphoneos;
				SWIFT_COMPILATION_MODE = wholemodule;
				SWIFT_OPTIMIZATION_LEVEL = "-O";
				VALIDATE_PRODUCT = YES;
			};
			name = Release;
		};
		9C71ABF723A3DEAD00A6301D /* Debug */ = {
			isa = XCBuildConfiguration;
			buildSettings = {
				ASSETCATALOG_COMPILER_APPICON_NAME = AppIcon;
				CODE_SIGN_STYLE = Automatic;
				DEVELOPMENT_TEAM = 666GZ2659S;
				INFOPLIST_FILE = ClearSale/Info.plist;
				LD_RUNPATH_SEARCH_PATHS = (
					"$(inherited)",
					"@executable_path/Frameworks",
				);
				PRODUCT_BUNDLE_IDENTIFIER = com.lolados.ClearSale;
				PRODUCT_NAME = "$(TARGET_NAME)";
				SWIFT_VERSION = 5.0;
				TARGETED_DEVICE_FAMILY = "1,2";
			};
			name = Debug;
		};
		9C71ABF823A3DEAD00A6301D /* Release */ = {
			isa = XCBuildConfiguration;
			buildSettings = {
				ASSETCATALOG_COMPILER_APPICON_NAME = AppIcon;
				CODE_SIGN_STYLE = Automatic;
				DEVELOPMENT_TEAM = 666GZ2659S;
				INFOPLIST_FILE = ClearSale/Info.plist;
				LD_RUNPATH_SEARCH_PATHS = (
					"$(inherited)",
					"@executable_path/Frameworks",
				);
				PRODUCT_BUNDLE_IDENTIFIER = com.lolados.ClearSale;
				PRODUCT_NAME = "$(TARGET_NAME)";
				SWIFT_VERSION = 5.0;
				TARGETED_DEVICE_FAMILY = "1,2";
			};
			name = Release;
		};
		9C71ABFA23A3DEAD00A6301D /* Debug */ = {
			isa = XCBuildConfiguration;
			buildSettings = {
				ALWAYS_EMBED_SWIFT_STANDARD_LIBRARIES = YES;
				BUNDLE_LOADER = "$(TEST_HOST)";
				CODE_SIGN_STYLE = Automatic;
				DEVELOPMENT_TEAM = 666GZ2659S;
				INFOPLIST_FILE = ClearSaleTests/Info.plist;
				IPHONEOS_DEPLOYMENT_TARGET = 13.2;
				LD_RUNPATH_SEARCH_PATHS = (
					"$(inherited)",
					"@executable_path/Frameworks",
					"@loader_path/Frameworks",
				);
				PRODUCT_BUNDLE_IDENTIFIER = com.lolados.ClearSaleTests;
				PRODUCT_NAME = "$(TARGET_NAME)";
				SWIFT_VERSION = 5.0;
				TARGETED_DEVICE_FAMILY = "1,2";
				TEST_HOST = "$(BUILT_PRODUCTS_DIR)/ClearSale.app/ClearSale";
			};
			name = Debug;
		};
		9C71ABFB23A3DEAD00A6301D /* Release */ = {
			isa = XCBuildConfiguration;
			buildSettings = {
				ALWAYS_EMBED_SWIFT_STANDARD_LIBRARIES = YES;
				BUNDLE_LOADER = "$(TEST_HOST)";
				CODE_SIGN_STYLE = Automatic;
				DEVELOPMENT_TEAM = 666GZ2659S;
				INFOPLIST_FILE = ClearSaleTests/Info.plist;
				IPHONEOS_DEPLOYMENT_TARGET = 13.2;
				LD_RUNPATH_SEARCH_PATHS = (
					"$(inherited)",
					"@executable_path/Frameworks",
					"@loader_path/Frameworks",
				);
				PRODUCT_BUNDLE_IDENTIFIER = com.lolados.ClearSaleTests;
				PRODUCT_NAME = "$(TARGET_NAME)";
				SWIFT_VERSION = 5.0;
				TARGETED_DEVICE_FAMILY = "1,2";
				TEST_HOST = "$(BUILT_PRODUCTS_DIR)/ClearSale.app/ClearSale";
			};
			name = Release;
		};
		9C71ABFD23A3DEAD00A6301D /* Debug */ = {
			isa = XCBuildConfiguration;
			buildSettings = {
				ALWAYS_EMBED_SWIFT_STANDARD_LIBRARIES = YES;
				CODE_SIGN_STYLE = Automatic;
				DEVELOPMENT_TEAM = 666GZ2659S;
				INFOPLIST_FILE = ClearSaleUITests/Info.plist;
				LD_RUNPATH_SEARCH_PATHS = (
					"$(inherited)",
					"@executable_path/Frameworks",
					"@loader_path/Frameworks",
				);
				PRODUCT_BUNDLE_IDENTIFIER = com.lolados.ClearSaleUITests;
				PRODUCT_NAME = "$(TARGET_NAME)";
				SWIFT_VERSION = 5.0;
				TARGETED_DEVICE_FAMILY = "1,2";
				TEST_TARGET_NAME = ClearSale;
			};
			name = Debug;
		};
		9C71ABFE23A3DEAD00A6301D /* Release */ = {
			isa = XCBuildConfiguration;
			buildSettings = {
				ALWAYS_EMBED_SWIFT_STANDARD_LIBRARIES = YES;
				CODE_SIGN_STYLE = Automatic;
				DEVELOPMENT_TEAM = 666GZ2659S;
				INFOPLIST_FILE = ClearSaleUITests/Info.plist;
				LD_RUNPATH_SEARCH_PATHS = (
					"$(inherited)",
					"@executable_path/Frameworks",
					"@loader_path/Frameworks",
				);
				PRODUCT_BUNDLE_IDENTIFIER = com.lolados.ClearSaleUITests;
				PRODUCT_NAME = "$(TARGET_NAME)";
				SWIFT_VERSION = 5.0;
				TARGETED_DEVICE_FAMILY = "1,2";
				TEST_TARGET_NAME = ClearSale;
			};
			name = Release;
		};
/* End XCBuildConfiguration section */

/* Begin XCConfigurationList section */
		9C71ABC723A3DEA300A6301D /* Build configuration list for PBXProject "ClearSale" */ = {
			isa = XCConfigurationList;
			buildConfigurations = (
				9C71ABF423A3DEAD00A6301D /* Debug */,
				9C71ABF523A3DEAD00A6301D /* Release */,
			);
			defaultConfigurationIsVisible = 0;
			defaultConfigurationName = Release;
		};
		9C71ABF623A3DEAD00A6301D /* Build configuration list for PBXNativeTarget "ClearSale" */ = {
			isa = XCConfigurationList;
			buildConfigurations = (
				9C71ABF723A3DEAD00A6301D /* Debug */,
				9C71ABF823A3DEAD00A6301D /* Release */,
			);
			defaultConfigurationIsVisible = 0;
			defaultConfigurationName = Release;
		};
		9C71ABF923A3DEAD00A6301D /* Build configuration list for PBXNativeTarget "ClearSaleTests" */ = {
			isa = XCConfigurationList;
			buildConfigurations = (
				9C71ABFA23A3DEAD00A6301D /* Debug */,
				9C71ABFB23A3DEAD00A6301D /* Release */,
			);
			defaultConfigurationIsVisible = 0;
			defaultConfigurationName = Release;
		};
		9C71ABFC23A3DEAD00A6301D /* Build configuration list for PBXNativeTarget "ClearSaleUITests" */ = {
			isa = XCConfigurationList;
			buildConfigurations = (
				9C71ABFD23A3DEAD00A6301D /* Debug */,
				9C71ABFE23A3DEAD00A6301D /* Release */,
			);
			defaultConfigurationIsVisible = 0;
			defaultConfigurationName = Release;
		};
/* End XCConfigurationList section */
	};
	rootObject = 9C71ABC423A3DEA300A6301D /* Project object */;
}
